
Microsoft Visual Studio Solution File, Format Version 12.00
# Visual Studio Version 17
VisualStudioVersion = 17.11.35219.272
MinimumVisualStudioVersion = 10.0.40219.1
Project("{FAE04EC0-301F-11D3-BF4B-00C04F79EFBC}") = "Hw7", "Hw7\Hw7.csproj", "{7912DE2C-A428-4A28-AEB7-4098610F477F}"
EndProject
Global
	GlobalSection(SolutionConfigurationPlatforms) = preSolution
		Debug|Any CPU = Debug|Any CPU
		Release|Any CPU = Release|Any CPU
	EndGlobalSection
	GlobalSection(ProjectConfigurationPlatforms) = postSolution
		{7912DE2C-A428-4A28-AEB7-4098610F477F}.Debug|Any CPU.ActiveCfg = Debug|Any CPU
		{7912DE2C-A428-4A28-AEB7-4098610F477F}.Debug|Any CPU.Build.0 = Debug|Any CPU
		{7912DE2C-A428-4A28-AEB7-4098610F477F}.Release|Any CPU.ActiveCfg = Release|Any CPU
		{7912DE2C-A428-4A28-AEB7-4098610F477F}.Release|Any CPU.Build.0 = Release|Any CPU
	EndGlobalSection
	GlobalSection(SolutionProperties) = preSolution
		HideSolutionNode = FALSE
	EndGlobalSection
	GlobalSection(ExtensibilityGlobals) = postSolution
		SolutionGuid = {78796137-310E-443C-8282-3B9559E2D89D}
	EndGlobalSection
EndGlobal
